dependencies:
- name: pxc-operator
  repository: https://percona.github.io/percona-helm-charts
  version: 1.18.0
- name: operator
  repository: https://operator.min.io
  version: 6.0.3
- name: opensearch
  repository: https://registry.groundx.ai/helm
  version: 0.1.1
- name: strimzi-kafka-operator
  repository: oci://quay.io/strimzi-helm
  version: 0.47.0
digest: sha256:3e9b051497e93186e4414e84e154ff01045a9f7f6279a1cad1056f4ae4b5ac12
generated: "2025-09-16T11:08:13.302043-06:00"
