dependencies:
- name: pxc-operator
  repository: https://percona.github.io/percona-helm-charts
  version: 1.18.0
- name: operator
  repository: https://operator.min.io
  version: 6.0.3
- name: opensearch
  repository: oci://public.ecr.aws/c9r4x6y5/helm
  version: 0.1.1
digest: sha256:aeae096e234004df1873e1e20d66c903b3d13d13d1a00a5fc64badb9c3d3ed73
generated: "2025-09-15T23:17:50.020195-06:00"
